// !$*UTF8*$!
{
	archiveVersion = 1;
	classes = {
	};
	objectVersion = 46;
	objects = {

/* Begin PBXBuildFile section */
		69488A241E8B4B5200EEBCB6 /* AppDelegate.swift in Sources */ = {isa = PBXBuildFile; fileRef = 69488A231E8B4B5200EEBCB6 /* AppDelegate.swift */; };
		69488A261E8B4B5200EEBCB6 /* ViewController.swift in Sources */ = {isa = PBXBuildFile; fileRef = 69488A251E8B4B5200EEBCB6 /* ViewController.swift */; };
		69488A291E8B4B5200EEBCB6 /* Main.storyboard in Resources */ = {isa = PBXBuildFile; fileRef = 69488A271E8B4B5200EEBCB6 /* Main.storyboard */; };
		69488A2B1E8B4B5200EEBCB6 /* Assets.xcassets in Resources */ = {isa = PBXBuildFile; fileRef = 69488A2A1E8B4B5200EEBCB6 /* Assets.xcassets */; };
		69488A2E1E8B4B5200EEBCB6 /* LaunchScreen.storyboard in Resources */ = {isa = PBXBuildFile; fileRef = 69488A2C1E8B4B5200EEBCB6 /* LaunchScreen.storyboard */; };
		69488A391E8B4B5200EEBCB6 /* Hello_iOSTests.swift in Sources */ = {isa = PBXBuildFile; fileRef = 69488A381E8B4B5200EEBCB6 /* Hello_iOSTests.swift */; };
		69488A441E8B4B5200EEBCB6 /* Hello_iOSUITests.swift in Sources */ = {isa = PBXBuildFile; fileRef = 69488A431E8B4B5200EEBCB6 /* Hello_iOSUITests.swift */; };
/* End PBXBuildFile section */

/* Begin PBXContainerItemProxy section */
		69488A351E8B4B5200EEBCB6 /* PBXContainerItemProxy */ = {
			isa = PBXContainerItemProxy;
			containerPortal = 69488A181E8B4B5200EEBCB6 /* Project object */;
			proxyType = 1;
			remoteGlobalIDString = 69488A1F1E8B4B5200EEBCB6;
			remoteInfo = "Hello-iOS";
		};
		69488A401E8B4B5200EEBCB6 /* PBXContainerItemProxy */ = {
			isa = PBXContainerItemProxy;
			containerPortal = 69488A181E8B4B5200EEBCB6 /* Project object */;
			proxyType = 1;
			remoteGlobalIDString = 69488A1F1E8B4B5200EEBCB6;
			remoteInfo = "Hello-iOS";
		};
/* End PBXContainerItemProxy section */

/* Begin PBXFileReference section */
		69488A201E8B4B5200EEBCB6 /* Hello-iOS.app */ = {isa = PBXFileReference; explicitFileType = wrapper.application; includeInIndex = 0; path = "Hello-iOS.app"; sourceTree = BUILT_PRODUCTS_DIR; };
		69488A231E8B4B5200EEBCB6 /* AppDelegate.swift */ = {isa = PBXFileReference; lastKnownFileType = sourcecode.swift; path = AppDelegate.swift; sourceTree = "<group>"; };
		69488A251E8B4B5200EEBCB6 /* ViewController.swift */ = {isa = PBXFileReference; lastKnownFileType = sourcecode.swift; path = ViewController.swift; sourceTree = "<group>"; };
		69488A281E8B4B5200EEBCB6 /* Base */ = {isa = PBXFileReference; lastKnownFileType = file.storyboard; name = Base; path = Base.lproj/Main.storyboard; sourceTree = "<group>"; };
		69488A2A1E8B4B5200EEBCB6 /* Assets.xcassets */ = {isa = PBXFileReference; lastKnownFileType = folder.assetcatalog; path = Assets.xcassets; sourceTree = "<group>"; };
		69488A2D1E8B4B5200EEBCB6 /* Base */ = {isa = PBXFileReference; lastKnownFileType = file.storyboard; name = Base; path = Base.lproj/LaunchScreen.storyboard; sourceTree = "<group>"; };
		69488A2F1E8B4B5200EEBCB6 /* Info.plist */ = {isa = PBXFileReference; lastKnownFileType = text.plist.xml; path = Info.plist; sourceTree = "<group>"; };
		69488A341E8B4B5200EEBCB6 /* Hello-iOSTests.xctest */ = {isa = PBXFileReference; explicitFileType = wrapper.cfbundle; includeInIndex = 0; path = "Hello-iOSTests.xctest"; sourceTree = BUILT_PRODUCTS_DIR; };
		69488A381E8B4B5200EEBCB6 /* Hello_iOSTests.swift */ = {isa = PBXFileReference; lastKnownFileType = sourcecode.swift; path = Hello_iOSTests.swift; sourceTree = "<group>"; };
		69488A3A1E8B4B5200EEBCB6 /* Info.plist */ = {isa = PBXFileReference; lastKnownFileType = text.plist.xml; path = Info.plist; sourceTree = "<group>"; };
		69488A3F1E8B4B5200EEBCB6 /* Hello-iOSUITests.xctest */ = {isa = PBXFileReference; explicitFileType = wrapper.cfbundle; includeInIndex = 0; path = "Hello-iOSUITests.xctest"; sourceTree = BUILT_PRODUCTS_DIR; };
		69488A431E8B4B5200EEBCB6 /* Hello_iOSUITests.swift */ = {isa = PBXFileReference; lastKnownFileType = sourcecode.swift; path = Hello_iOSUITests.swift; sourceTree = "<group>"; };
		69488A451E8B4B5200EEBCB6 /* Info.plist */ = {isa = PBXFileReference; lastKnownFileType = text.plist.xml; path = Info.plist; sourceTree = "<group>"; };
/* End PBXFileReference section */

/* Begin PBXFrameworksBuildPhase section */
		69488A1D1E8B4B5200EEBCB6 /* Frameworks */ = {
			isa = PBXFrameworksBuildPhase;
			buildActionMask = 2147483647;
			files = (
			);
			runOnlyForDeploymentPostprocessing = 0;
		};
		69488A311E8B4B5200EEBCB6 /* Frameworks */ = {
			isa = PBXFrameworksBuildPhase;
			buildActionMask = 2147483647;
			files = (
			);
			runOnlyForDeploymentPostprocessing = 0;
		};
		69488A3C1E8B4B5200EEBCB6 /* Frameworks */ = {
			isa = PBXFrameworksBuildPhase;
			buildActionMask = 2147483647;
			files = (
			);
			runOnlyForDeploymentPostprocessing = 0;
		};
/* End PBXFrameworksBuildPhase section */

/* Begin PBXGroup section */
		69488A171E8B4B5200EEBCB6 = {
			isa = PBXGroup;
			children = (
				69488A221E8B4B5200EEBCB6 /* Hello-iOS */,
				69488A371E8B4B5200EEBCB6 /* Hello-iOSTests */,
				69488A421E8B4B5200EEBCB6 /* Hello-iOSUITests */,
				69488A211E8B4B5200EEBCB6 /* Products */,
			);
			sourceTree = "<group>";
		};
		69488A211E8B4B5200EEBCB6 /* Products */ = {
			isa = PBXGroup;
			children = (
				69488A201E8B4B5200EEBCB6 /* Hello-iOS.app */,
				69488A341E8B4B5200EEBCB6 /* Hello-iOSTests.xctest */,
				69488A3F1E8B4B5200EEBCB6 /* Hello-iOSUITests.xctest */,
			);
			name = Products;
			sourceTree = "<group>";
		};
		69488A221E8B4B5200EEBCB6 /* Hello-iOS */ = {
			isa = PBXGroup;
			children = (
				69488A231E8B4B5200EEBCB6 /* AppDelegate.swift */,
				69488A251E8B4B5200EEBCB6 /* ViewController.swift */,
				69488A271E8B4B5200EEBCB6 /* Main.storyboard */,
				69488A2A1E8B4B5200EEBCB6 /* Assets.xcassets */,
				69488A2C1E8B4B5200EEBCB6 /* LaunchScreen.storyboard */,
				69488A2F1E8B4B5200EEBCB6 /* Info.plist */,
			);
			path = "Hello-iOS";
			sourceTree = "<group>";
		};
		69488A371E8B4B5200EEBCB6 /* Hello-iOSTests */ = {
			isa = PBXGroup;
			children = (
				69488A381E8B4B5200EEBCB6 /* Hello_iOSTests.swift */,
				69488A3A1E8B4B5200EEBCB6 /* Info.plist */,
			);
			path = "Hello-iOSTests";
			sourceTree = "<group>";
		};
		69488A421E8B4B5200EEBCB6 /* Hello-iOSUITests */ = {
			isa = PBXGroup;
			children = (
				69488A431E8B4B5200EEBCB6 /* Hello_iOSUITests.swift */,
				69488A451E8B4B5200EEBCB6 /* Info.plist */,
			);
			path = "Hello-iOSUITests";
			sourceTree = "<group>";
		};
/* End PBXGroup section */

/* Begin PBXNativeTarget section */
		69488A1F1E8B4B5200EEBCB6 /* Hello-iOS */ = {
			isa = PBXNativeTarget;
			buildConfigurationList = 69488A481E8B4B5200EEBCB6 /* Build configuration list for PBXNativeTarget "Hello-iOS" */;
			buildPhases = (
				69488A1C1E8B4B5200EEBCB6 /* Sources */,
				69488A1D1E8B4B5200EEBCB6 /* Frameworks */,
				69488A1E1E8B4B5200EEBCB6 /* Resources */,
			);
			buildRules = (
			);
			dependencies = (
			);
			name = "Hello-iOS";
			productName = "Hello-iOS";
			productReference = 69488A201E8B4B5200EEBCB6 /* Hello-iOS.app */;
			productType = "com.apple.product-type.application";
		};
		69488A331E8B4B5200EEBCB6 /* Hello-iOSTests */ = {
			isa = PBXNativeTarget;
			buildConfigurationList = 69488A4B1E8B4B5200EEBCB6 /* Build configuration list for PBXNativeTarget "Hello-iOSTests" */;
			buildPhases = (
				69488A301E8B4B5200EEBCB6 /* Sources */,
				69488A311E8B4B5200EEBCB6 /* Frameworks */,
				69488A321E8B4B5200EEBCB6 /* Resources */,
			);
			buildRules = (
			);
			dependencies = (
				69488A361E8B4B5200EEBCB6 /* PBXTargetDependency */,
			);
			name = "Hello-iOSTests";
			productName = "Hello-iOSTests";
			productReference = 69488A341E8B4B5200EEBCB6 /* Hello-iOSTests.xctest */;
			productType = "com.apple.product-type.bundle.unit-test";
		};
		69488A3E1E8B4B5200EEBCB6 /* Hello-iOSUITests */ = {
			isa = PBXNativeTarget;
			buildConfigurationList = 69488A4E1E8B4B5200EEBCB6 /* Build configuration list for PBXNativeTarget "Hello-iOSUITests" */;
			buildPhases = (
				69488A3B1E8B4B5200EEBCB6 /* Sources */,
				69488A3C1E8B4B5200EEBCB6 /* Frameworks */,
				69488A3D1E8B4B5200EEBCB6 /* Resources */,
			);
			buildRules = (
			);
			dependencies = (
				69488A411E8B4B5200EEBCB6 /* PBXTargetDependency */,
			);
			name = "Hello-iOSUITests";
			productName = "Hello-iOSUITests";
			productReference = 69488A3F1E8B4B5200EEBCB6 /* Hello-iOSUITests.xctest */;
			productType = "com.apple.product-type.bundle.ui-testing";
		};
/* End PBXNativeTarget section */

/* Begin PBXProject section */
		69488A181E8B4B5200EEBCB6 /* Project object */ = {
			isa = PBXProject;
			attributes = {
				LastSwiftUpdateCheck = 0810;
				LastUpgradeCheck = 0810;
				ORGANIZATIONNAME = "Brandon Chen";
				TargetAttributes = {
					69488A1F1E8B4B5200EEBCB6 = {
						CreatedOnToolsVersion = 8.1;
						ProvisioningStyle = Automatic;
					};
					69488A331E8B4B5200EEBCB6 = {
						CreatedOnToolsVersion = 8.1;
						ProvisioningStyle = Automatic;
						TestTargetID = 69488A1F1E8B4B5200EEBCB6;
					};
					69488A3E1E8B4B5200EEBCB6 = {
						CreatedOnToolsVersion = 8.1;
						ProvisioningStyle = Automatic;
						TestTargetID = 69488A1F1E8B4B5200EEBCB6;
					};
				};
			};
			buildConfigurationList = 69488A1B1E8B4B5200EEBCB6 /* Build configuration list for PBXProject "Hello-iOS" */;
			compatibilityVersion = "Xcode 3.2";
			developmentRegion = English;
			hasScannedForEncodings = 0;
			knownRegions = (
				en,
				Base,
			);
			mainGroup = 69488A171E8B4B5200EEBCB6;
			productRefGroup = 69488A211E8B4B5200EEBCB6 /* Products */;
			projectDirPath = "";
			projectRoot = "";
			targets = (
				69488A1F1E8B4B5200EEBCB6 /* Hello-iOS */,
				69488A331E8B4B5200EEBCB6 /* Hello-iOSTests */,
				69488A3E1E8B4B5200EEBCB6 /* Hello-iOSUITests */,
			);
		};
/* End PBXProject section */

/* Begin PBXResourcesBuildPhase section */
		69488A1E1E8B4B5200EEBCB6 /* Resources */ = {
			isa = PBXResourcesBuildPhase;
			buildActionMask = 2147483647;
			files = (
				69488A2E1E8B4B5200EEBCB6 /* LaunchScreen.storyboard in Resources */,
				69488A2B1E8B4B5200EEBCB6 /* Assets.xcassets in Resources */,
				69488A291E8B4B5200EEBCB6 /* Main.storyboard in Resources */,
			);
			runOnlyForDeploymentPostprocessing = 0;
		};
		69488A321E8B4B5200EEBCB6 /* Resources */ = {
			isa = PBXResourcesBuildPhase;
			buildActionMask = 2147483647;
			files = (
			);
			runOnlyForDeploymentPostprocessing = 0;
		};
		69488A3D1E8B4B5200EEBCB6 /* Resources */ = {
			isa = PBXResourcesBuildPhase;
			buildActionMask = 2147483647;
			files = (
			);
			runOnlyForDeploymentPostprocessing = 0;
		};
/* End PBXResourcesBuildPhase section */

/* Begin PBXSourcesBuildPhase section */
		69488A1C1E8B4B5200EEBCB6 /* Sources */ = {
			isa = PBXSourcesBuildPhase;
			buildActionMask = 2147483647;
			files = (
				69488A261E8B4B5200EEBCB6 /* ViewController.swift in Sources */,
				69488A241E8B4B5200EEBCB6 /* AppDelegate.swift in Sources */,
			);
			runOnlyForDeploymentPostprocessing = 0;
		};
		69488A301E8B4B5200EEBCB6 /* Sources */ = {
			isa = PBXSourcesBuildPhase;
			buildActionMask = 2147483647;
			files = (
				69488A391E8B4B5200EEBCB6 /* Hello_iOSTests.swift in Sources */,
			);
			runOnlyForDeploymentPostprocessing = 0;
		};
		69488A3B1E8B4B5200EEBCB6 /* Sources */ = {
			isa = PBXSourcesBuildPhase;
			buildActionMask = 2147483647;
			files = (
				69488A441E8B4B5200EEBCB6 /* Hello_iOSUITests.swift in Sources */,
			);
			runOnlyForDeploymentPostprocessing = 0;
		};
/* End PBXSourcesBuildPhase section */

/* Begin PBXTargetDependency section */
		69488A361E8B4B5200EEBCB6 /* PBXTargetDependency */ = {
			isa = PBXTargetDependency;
			target = 69488A1F1E8B4B5200EEBCB6 /* Hello-iOS */;
			targetProxy = 69488A351E8B4B5200EEBCB6 /* PBXContainerItemProxy */;
		};
		69488A411E8B4B5200EEBCB6 /* PBXTargetDependency */ = {
			isa = PBXTargetDependency;
			target = 69488A1F1E8B4B5200EEBCB6 /* Hello-iOS */;
			targetProxy = 69488A401E8B4B5200EEBCB6 /* PBXContainerItemProxy */;
		};
/* End PBXTargetDependency section */

/* Begin PBXVariantGroup section */
		69488A271E8B4B5200EEBCB6 /* Main.storyboard */ = {
			isa = PBXVariantGroup;
			children = (
				69488A281E8B4B5200EEBCB6 /* Base */,
			);
			name = Main.storyboard;
			sourceTree = "<group>";
		};
		69488A2C1E8B4B5200EEBCB6 /* LaunchScreen.storyboard */ = {
			isa = PBXVariantGroup;
			children = (
				69488A2D1E8B4B5200EEBCB6 /* Base */,
			);
			name = LaunchScreen.storyboard;
			sourceTree = "<group>";
		};
/* End PBXVariantGroup section */

/* Begin XCBuildConfiguration section */
		69488A461E8B4B5200EEBCB6 /* Debug */ = {
			isa = XCBuildConfiguration;
			buildSettings = {
				ALWAYS_SEARCH_USER_PATHS = NO;
				CLANG_ANALYZER_NONNULL = YES;
				CLANG_CXX_LANGUAGE_STANDARD = "gnu++0x";
				CLANG_CXX_LIBRARY = "libc++";
				CLANG_ENABLE_MODULES = YES;
				CLANG_ENABLE_OBJC_ARC = YES;
				CLANG_WARN_BOOL_CONVERSION = YES;
				CLANG_WARN_CONSTANT_CONVERSION = YES;
				CLANG_WARN_DIRECT_OBJC_ISA_USAGE = YES_ERROR;
				CLANG_WARN_DOCUMENTATION_COMMENTS = YES;
				CLANG_WARN_EMPTY_BODY = YES;
				CLANG_WARN_ENUM_CONVERSION = YES;
				CLANG_WARN_INFINITE_RECURSION = YES;
				CLANG_WARN_INT_CONVERSION = YES;
				CLANG_WARN_OBJC_ROOT_CLASS = YES_ERROR;
				CLANG_WARN_SUSPICIOUS_MOVES = YES;
				CLANG_WARN_UNREACHABLE_CODE = YES;
				CLANG_WARN__DUPLICATE_METHOD_MATCH = YES;
				"CODE_SIGN_IDENTITY[sdk=iphoneos*]" = "iPhone Developer";
				COPY_PHASE_STRIP = NO;
				DEBUG_INFORMATION_FORMAT = dwarf;
				ENABLE_STRICT_OBJC_MSGSEND = YES;
				ENABLE_TESTABILITY = YES;
				GCC_C_LANGUAGE_STANDARD = gnu99;
				GCC_DYNAMIC_NO_PIC = NO;
				GCC_NO_COMMON_BLOCKS = YES;
				GCC_OPTIMIZATION_LEVEL = 0;
				GCC_PREPROCESSOR_DEFINITIONS = (
					"DEBUG=1",
					"$(inherited)",
				);
				GCC_WARN_64_TO_32_BIT_CONVERSION = YES;
				GCC_WARN_ABOUT_RETURN_TYPE = YES_ERROR;
				GCC_WARN_UNDECLARED_SELECTOR = YES;
				GCC_WARN_UNINITIALIZED_AUTOS = YES_AGGRESSIVE;
				GCC_WARN_UNUSED_FUNCTION = YES;
				GCC_WARN_UNUSED_VARIABLE = YES;
				IPHONEOS_DEPLOYMENT_TARGET = 10.1;
				MTL_ENABLE_DEBUG_INFO = YES;
				ONLY_ACTIVE_ARCH = YES;
				SDKROOT = iphoneos;
				SWIFT_ACTIVE_COMPILATION_CONDITIONS = DEBUG;
				SWIFT_OPTIMIZATION_LEVEL = "-Onone";
				TARGETED_DEVICE_FAMILY = "1,2";
			};
			name = Debug;
		};
		69488A471E8B4B5200EEBCB6 /* Release */ = {
			isa = XCBuildConfiguration;
			buildSettings = {
				ALWAYS_SEARCH_USER_PATHS = NO;
				CLANG_ANALYZER_NONNULL = YES;
				CLANG_CXX_LANGUAGE_STANDARD = "gnu++0x";
				CLANG_CXX_LIBRARY = "libc++";
				CLANG_ENABLE_MODULES = YES;
				CLANG_ENABLE_OBJC_ARC = YES;
				CLANG_WARN_BOOL_CONVERSION = YES;
				CLANG_WARN_CONSTANT_CONVERSION = YES;
				CLANG_WARN_DIRECT_OBJC_ISA_USAGE = YES_ERROR;
				CLANG_WARN_DOCUMENTATION_COMMENTS = YES;
				CLANG_WARN_EMPTY_BODY = YES;
				CLANG_WARN_ENUM_CONVERSION = YES;
				CLANG_WARN_INFINITE_RECURSION = YES;
				CLANG_WARN_INT_CONVERSION = YES;
				CLANG_WARN_OBJC_ROOT_CLASS = YES_ERROR;
				CLANG_WARN_SUSPICIOUS_MOVES = YES;
				CLANG_WARN_UNREACHABLE_CODE = YES;
				CLANG_WARN__DUPLICATE_METHOD_MATCH = YES;
				"CODE_SIGN_IDENTITY[sdk=iphoneos*]" = "iPhone Developer";
				COPY_PHASE_STRIP = NO;
				DEBUG_INFORMATION_FORMAT = "dwarf-with-dsym";
				ENABLE_NS_ASSERTIONS = NO;
				ENABLE_STRICT_OBJC_MSGSEND = YES;
				GCC_C_LANGUAGE_STANDARD = gnu99;
				GCC_NO_COMMON_BLOCKS = YES;
				GCC_WARN_64_TO_32_BIT_CONVERSION = YES;
				GCC_WARN_ABOUT_RETURN_TYPE = YES_ERROR;
				GCC_WARN_UNDECLARED_SELECTOR = YES;
				GCC_WARN_UNINITIALIZED_AUTOS = YES_AGGRESSIVE;
				GCC_WARN_UNUSED_FUNCTION = YES;
				GCC_WARN_UNUSED_VARIABLE = YES;
				IPHONEOS_DEPLOYMENT_TARGET = 10.1;
				MTL_ENABLE_DEBUG_INFO = NO;
				SDKROOT = iphoneos;
				SWIFT_OPTIMIZATION_LEVEL = "-Owholemodule";
				TARGETED_DEVICE_FAMILY = "1,2";
				VALIDATE_PRODUCT = YES;
			};
			name = Release;
		};
		69488A491E8B4B5200EEBCB6 /* Debug */ = {
			isa = XCBuildConfiguration;
			buildSettings = {
				ASSETCATALOG_COMPILER_APPICON_NAME = AppIcon;
				INFOPLIST_FILE = "Hello-iOS/Info.plist";
				LD_RUNPATH_SEARCH_PATHS = "$(inherited) @executable_path/Frameworks";
				PRODUCT_BUNDLE_IDENTIFIER = "App.Hello-iOS";
				PRODUCT_NAME = "$(TARGET_NAME)";
				SWIFT_VERSION = 3.0;
			};
			name = Debug;
		};
		69488A4A1E8B4B5200EEBCB6 /* Release */ = {
			isa = XCBuildConfiguration;
			buildSettings = {
				ASSETCATALOG_COMPILER_APPICON_NAME = AppIcon;
				INFOPLIST_FILE = "Hello-iOS/Info.plist";
				LD_RUNPATH_SEARCH_PATHS = "$(inherited) @executable_path/Frameworks";
				PRODUCT_BUNDLE_IDENTIFIER = "App.Hello-iOS";
				PRODUCT_NAME = "$(TARGET_NAME)";
				SWIFT_VERSION = 3.0;
			};
			name = Release;
		};
		69488A4C1E8B4B5200EEBCB6 /* Debug */ = {
			isa = XCBuildConfiguration;
			buildSettings = {
				ALWAYS_EMBED_SWIFT_STANDARD_LIBRARIES = YES;
				BUNDLE_LOADER = "$(TEST_HOST)";
				INFOPLIST_FILE = "Hello-iOSTests/Info.plist";
				LD_RUNPATH_SEARCH_PATHS = "$(inherited) @executable_path/Frameworks @loader_path/Frameworks";
				PRODUCT_BUNDLE_IDENTIFIER = "App.Hello-iOSTests";
				PRODUCT_NAME = "$(TARGET_NAME)";
				SWIFT_VERSION = 3.0;
				TEST_HOST = "$(BUILT_PRODUCTS_DIR)/Hello-iOS.app/Hello-iOS";
			};
			name = Debug;
		};
		69488A4D1E8B4B5200EEBCB6 /* Release */ = {
			isa = XCBuildConfiguration;
			buildSettings = {
				ALWAYS_EMBED_SWIFT_STANDARD_LIBRARIES = YES;
				BUNDLE_LOADER = "$(TEST_HOST)";
				INFOPLIST_FILE = "Hello-iOSTests/Info.plist";
				LD_RUNPATH_SEARCH_PATHS = "$(inherited) @executable_path/Frameworks @loader_path/Frameworks";
				PRODUCT_BUNDLE_IDENTIFIER = "App.Hello-iOSTests";
				PRODUCT_NAME = "$(TARGET_NAME)";
				SWIFT_VERSION = 3.0;
				TEST_HOST = "$(BUILT_PRODUCTS_DIR)/Hello-iOS.app/Hello-iOS";
			};
			name = Release;
		};
		69488A4F1E8B4B5200EEBCB6 /* Debug */ = {
			isa = XCBuildConfiguration;
			buildSettings = {
				ALWAYS_EMBED_SWIFT_STANDARD_LIBRARIES = YES;
				INFOPLIST_FILE = "Hello-iOSUITests/Info.plist";
				LD_RUNPATH_SEARCH_PATHS = "$(inherited) @executable_path/Frameworks @loader_path/Frameworks";
				PRODUCT_BUNDLE_IDENTIFIER = "App.Hello-iOSUITests";
				PRODUCT_NAME = "$(TARGET_NAME)";
				SWIFT_VERSION = 3.0;
				TEST_TARGET_NAME = "Hello-iOS";
			};
			name = Debug;
		};
		69488A501E8B4B5200EEBCB6 /* Release */ = {
			isa = XCBuildConfiguration;
			buildSettings = {
				ALWAYS_EMBED_SWIFT_STANDARD_LIBRARIES = YES;
				INFOPLIST_FILE = "Hello-iOSUITests/Info.plist";
				LD_RUNPATH_SEARCH_PATHS = "$(inherited) @executable_path/Frameworks @loader_path/Frameworks";
				PRODUCT_BUNDLE_IDENTIFIER = "App.Hello-iOSUITests";
				PRODUCT_NAME = "$(TARGET_NAME)";
				SWIFT_VERSION = 3.0;
				TEST_TARGET_NAME = "Hello-iOS";
			};
			name = Release;
		};
/* End XCBuildConfiguration section */

/* Begin XCConfigurationList section */
		69488A1B1E8B4B5200EEBCB6 /* Build configuration list for PBXProject "Hello-iOS" */ = {
			isa = XCConfigurationList;
			buildConfigurations = (
				69488A461E8B4B5200EEBCB6 /* Debug */,
				69488A471E8B4B5200EEBCB6 /* Release */,
			);
			defaultConfigurationIsVisible = 0;
			defaultConfigurationName = Release;
		};
		69488A481E8B4B5200EEBCB6 /* Build configuration list for PBXNativeTarget "Hello-iOS" */ = {
			isa = XCConfigurationList;
			buildConfigurations = (
				69488A491E8B4B5200EEBCB6 /* Debug */,
				69488A4A1E8B4B5200EEBCB6 /* Release */,
			);
			defaultConfigurationIsVisible = 0;
		};
		69488A4B1E8B4B5200EEBCB6 /* Build configuration list for PBXNativeTarget "Hello-iOSTests" */ = {
			isa = XCConfigurationList;
			buildConfigurations = (
				69488A4C1E8B4B5200EEBCB6 /* Debug */,
				69488A4D1E8B4B5200EEBCB6 /* Release */,
			);
			defaultConfigurationIsVisible = 0;
		};
		69488A4E1E8B4B5200EEBCB6 /* Build configuration list for PBXNativeTarget "Hello-iOSUITests" */ = {
			isa = XCConfigurationList;
			buildConfigurations = (
				69488A4F1E8B4B5200EEBCB6 /* Debug */,
				69488A501E8B4B5200EEBCB6 /* Release */,
			);
			defaultConfigurationIsVisible = 0;
		};
/* End XCConfigurationList section */
	};
	rootObject = 69488A181E8B4B5200EEBCB6 /* Project object */;
}
